
Microsoft Visual Studio Solution File, Format Version 12.00
# Visual Studio Version 17
VisualStudioVersion = 17.0.31903.59
MinimumVisualStudioVersion = 10.0.40219.1
Project("{2150E333-8FDC-42A3-9474-1A3956D46DE8}") = "src", "src", "{827E0CD3-B72D-47B6-A68D-7590B98EB39B}"
EndProject
Project("{FAE04EC0-301F-11D3-BF4B-00C04F79EFBC}") = "ServiceDefaults", "src\ServiceDefaults\ServiceDefaults.csproj", "{93793BAD-61BA-405C-B589-D076DAD15DC2}"
EndProject
Project("{FAE04EC0-301F-11D3-BF4B-00C04F79EFBC}") = "AppHost", "src\AppHost\AppHost.csproj", "{8C8E82BD-7CF5-4B18-ADE5-8A202FAA332D}"
EndProject
Project("{FAE04EC0-301F-11D3-BF4B-00C04F79EFBC}") = "Catalog", "src\Catalog\Catalog.csproj", "{993C5576-685C-4B1A-914D-5DB47435D0C6}"
EndProject
Project("{2150E333-8FDC-42A3-9474-1A3956D46DE8}") = "tests", "tests", "{0AB3BF05-4346-4AA6-1389-037BE0695223}"
EndProject
Project("{FAE04EC0-301F-11D3-BF4B-00C04F79EFBC}") = "AppHost.Tests", "tests\AppHost.Tests\AppHost.Tests.csproj", "{2A60F35A-E958-4244-A8E4-FB759C7CC445}"
EndProject
Project("{FAE04EC0-301F-11D3-BF4B-00C04F79EFBC}") = "Pricing", "src\Pricing\Pricing.csproj", "{428825D0-6ABB-4A71-A31E-540B3B64226E}"
EndProject
Project("{FAE04EC0-301F-11D3-BF4B-00C04F79EFBC}") = "Gateway", "src\Gateway\Gateway.csproj", "{2C3352B4-65D8-4B33-A18C-A8CB88D4AE8E}"
EndProject
Global
	GlobalSection(SolutionConfigurationPlatforms) = preSolution
		Debug|Any CPU = Debug|Any CPU
		Debug|x64 = Debug|x64
		Debug|x86 = Debug|x86
		Release|Any CPU = Release|Any CPU
		Release|x64 = Release|x64
		Release|x86 = Release|x86
	EndGlobalSection
	GlobalSection(ProjectConfigurationPlatforms) = postSolution
		{93793BAD-61BA-405C-B589-D076DAD15DC2}.Debug|Any CPU.ActiveCfg = Debug|Any CPU
		{93793BAD-61BA-405C-B589-D076DAD15DC2}.Debug|Any CPU.Build.0 = Debug|Any CPU
		{93793BAD-61BA-405C-B589-D076DAD15DC2}.Debug|x64.ActiveCfg = Debug|Any CPU
		{93793BAD-61BA-405C-B589-D076DAD15DC2}.Debug|x64.Build.0 = Debug|Any CPU
		{93793BAD-61BA-405C-B589-D076DAD15DC2}.Debug|x86.ActiveCfg = Debug|Any CPU
		{93793BAD-61BA-405C-B589-D076DAD15DC2}.Debug|x86.Build.0 = Debug|Any CPU
		{93793BAD-61BA-405C-B589-D076DAD15DC2}.Release|Any CPU.ActiveCfg = Release|Any CPU
		{93793BAD-61BA-405C-B589-D076DAD15DC2}.Release|Any CPU.Build.0 = Release|Any CPU
		{93793BAD-61BA-405C-B589-D076DAD15DC2}.Release|x64.ActiveCfg = Release|Any CPU
		{93793BAD-61BA-405C-B589-D076DAD15DC2}.Release|x64.Build.0 = Release|Any CPU
		{93793BAD-61BA-405C-B589-D076DAD15DC2}.Release|x86.ActiveCfg = Release|Any CPU
		{93793BAD-61BA-405C-B589-D076DAD15DC2}.Release|x86.Build.0 = Release|Any CPU
		{8C8E82BD-7CF5-4B18-ADE5-8A202FAA332D}.Debug|Any CPU.ActiveCfg = Debug|Any CPU
		{8C8E82BD-7CF5-4B18-ADE5-8A202FAA332D}.Debug|Any CPU.Build.0 = Debug|Any CPU
		{8C8E82BD-7CF5-4B18-ADE5-8A202FAA332D}.Debug|x64.ActiveCfg = Debug|Any CPU
		{8C8E82BD-7CF5-4B18-ADE5-8A202FAA332D}.Debug|x64.Build.0 = Debug|Any CPU
		{8C8E82BD-7CF5-4B18-ADE5-8A202FAA332D}.Debug|x86.ActiveCfg = Debug|Any CPU
		{8C8E82BD-7CF5-4B18-ADE5-8A202FAA332D}.Debug|x86.Build.0 = Debug|Any CPU
		{8C8E82BD-7CF5-4B18-ADE5-8A202FAA332D}.Release|Any CPU.ActiveCfg = Release|Any CPU
		{8C8E82BD-7CF5-4B18-ADE5-8A202FAA332D}.Release|Any CPU.Build.0 = Release|Any CPU
		{8C8E82BD-7CF5-4B18-ADE5-8A202FAA332D}.Release|x64.ActiveCfg = Release|Any CPU
		{8C8E82BD-7CF5-4B18-ADE5-8A202FAA332D}.Release|x64.Build.0 = Release|Any CPU
		{8C8E82BD-7CF5-4B18-ADE5-8A202FAA332D}.Release|x86.ActiveCfg = Release|Any CPU
		{8C8E82BD-7CF5-4B18-ADE5-8A202FAA332D}.Release|x86.Build.0 = Release|Any CPU
		{993C5576-685C-4B1A-914D-5DB47435D0C6}.Debug|Any CPU.ActiveCfg = Debug|Any CPU
		{993C5576-685C-4B1A-914D-5DB47435D0C6}.Debug|Any CPU.Build.0 = Debug|Any CPU
		{993C5576-685C-4B1A-914D-5DB47435D0C6}.Debug|x64.ActiveCfg = Debug|Any CPU
		{993C5576-685C-4B1A-914D-5DB47435D0C6}.Debug|x64.Build.0 = Debug|Any CPU
		{993C5576-685C-4B1A-914D-5DB47435D0C6}.Debug|x86.ActiveCfg = Debug|Any CPU
		{993C5576-685C-4B1A-914D-5DB47435D0C6}.Debug|x86.Build.0 = Debug|Any CPU
		{993C5576-685C-4B1A-914D-5DB47435D0C6}.Release|Any CPU.ActiveCfg = Release|Any CPU
		{993C5576-685C-4B1A-914D-5DB47435D0C6}.Release|Any CPU.Build.0 = Release|Any CPU
		{993C5576-685C-4B1A-914D-5DB47435D0C6}.Release|x64.ActiveCfg = Release|Any CPU
		{993C5576-685C-4B1A-914D-5DB47435D0C6}.Release|x64.Build.0 = Release|Any CPU
		{993C5576-685C-4B1A-914D-5DB47435D0C6}.Release|x86.ActiveCfg = Release|Any CPU
		{993C5576-685C-4B1A-914D-5DB47435D0C6}.Release|x86.Build.0 = Release|Any CPU
		{2A60F35A-E958-4244-A8E4-FB759C7CC445}.Debug|Any CPU.ActiveCfg = Debug|Any CPU
		{2A60F35A-E958-4244-A8E4-FB759C7CC445}.Debug|Any CPU.Build.0 = Debug|Any CPU
		{2A60F35A-E958-4244-A8E4-FB759C7CC445}.Debug|x64.ActiveCfg = Debug|Any CPU
		{2A60F35A-E958-4244-A8E4-FB759C7CC445}.Debug|x64.Build.0 = Debug|Any CPU
		{2A60F35A-E958-4244-A8E4-FB759C7CC445}.Debug|x86.ActiveCfg = Debug|Any CPU
		{2A60F35A-E958-4244-A8E4-FB759C7CC445}.Debug|x86.Build.0 = Debug|Any CPU
		{2A60F35A-E958-4244-A8E4-FB759C7CC445}.Release|Any CPU.ActiveCfg = Release|Any CPU
		{2A60F35A-E958-4244-A8E4-FB759C7CC445}.Release|Any CPU.Build.0 = Release|Any CPU
		{2A60F35A-E958-4244-A8E4-FB759C7CC445}.Release|x64.ActiveCfg = Release|Any CPU
		{2A60F35A-E958-4244-A8E4-FB759C7CC445}.Release|x64.Build.0 = Release|Any CPU
		{2A60F35A-E958-4244-A8E4-FB759C7CC445}.Release|x86.ActiveCfg = Release|Any CPU
		{2A60F35A-E958-4244-A8E4-FB759C7CC445}.Release|x86.Build.0 = Release|Any CPU
		{428825D0-6ABB-4A71-A31E-540B3B64226E}.Debug|Any CPU.ActiveCfg = Debug|Any CPU
		{428825D0-6ABB-4A71-A31E-540B3B64226E}.Debug|Any CPU.Build.0 = Debug|Any CPU
		{428825D0-6ABB-4A71-A31E-540B3B64226E}.Debug|x64.ActiveCfg = Debug|Any CPU
		{428825D0-6ABB-4A71-A31E-540B3B64226E}.Debug|x64.Build.0 = Debug|Any CPU
		{428825D0-6ABB-4A71-A31E-540B3B64226E}.Debug|x86.ActiveCfg = Debug|Any CPU
		{428825D0-6ABB-4A71-A31E-540B3B64226E}.Debug|x86.Build.0 = Debug|Any CPU
		{428825D0-6ABB-4A71-A31E-540B3B64226E}.Release|Any CPU.ActiveCfg = Release|Any CPU
		{428825D0-6ABB-4A71-A31E-540B3B64226E}.Release|Any CPU.Build.0 = Release|Any CPU
		{428825D0-6ABB-4A71-A31E-540B3B64226E}.Release|x64.ActiveCfg = Release|Any CPU
		{428825D0-6ABB-4A71-A31E-540B3B64226E}.Release|x64.Build.0 = Release|Any CPU
		{428825D0-6ABB-4A71-A31E-540B3B64226E}.Release|x86.ActiveCfg = Release|Any CPU
		{428825D0-6ABB-4A71-A31E-540B3B64226E}.Release|x86.Build.0 = Release|Any CPU
		{2C3352B4-65D8-4B33-A18C-A8CB88D4AE8E}.Debug|Any CPU.ActiveCfg = Debug|Any CPU
		{2C3352B4-65D8-4B33-A18C-A8CB88D4AE8E}.Debug|Any CPU.Build.0 = Debug|Any CPU
		{2C3352B4-65D8-4B33-A18C-A8CB88D4AE8E}.Debug|x64.ActiveCfg = Debug|Any CPU
		{2C3352B4-65D8-4B33-A18C-A8CB88D4AE8E}.Debug|x64.Build.0 = Debug|Any CPU
		{2C3352B4-65D8-4B33-A18C-A8CB88D4AE8E}.Debug|x86.ActiveCfg = Debug|Any CPU
		{2C3352B4-65D8-4B33-A18C-A8CB88D4AE8E}.Debug|x86.Build.0 = Debug|Any CPU
		{2C3352B4-65D8-4B33-A18C-A8CB88D4AE8E}.Release|Any CPU.ActiveCfg = Release|Any CPU
		{2C3352B4-65D8-4B33-A18C-A8CB88D4AE8E}.Release|Any CPU.Build.0 = Release|Any CPU
		{2C3352B4-65D8-4B33-A18C-A8CB88D4AE8E}.Release|x64.ActiveCfg = Release|Any CPU
		{2C3352B4-65D8-4B33-A18C-A8CB88D4AE8E}.Release|x64.Build.0 = Release|Any CPU
		{2C3352B4-65D8-4B33-A18C-A8CB88D4AE8E}.Release|x86.ActiveCfg = Release|Any CPU
		{2C3352B4-65D8-4B33-A18C-A8CB88D4AE8E}.Release|x86.Build.0 = Release|Any CPU
	EndGlobalSection
	GlobalSection(SolutionProperties) = preSolution
		HideSolutionNode = FALSE
	EndGlobalSection
	GlobalSection(NestedProjects) = preSolution
		{93793BAD-61BA-405C-B589-D076DAD15DC2} = {827E0CD3-B72D-47B6-A68D-7590B98EB39B}
		{8C8E82BD-7CF5-4B18-ADE5-8A202FAA332D} = {827E0CD3-B72D-47B6-A68D-7590B98EB39B}
		{993C5576-685C-4B1A-914D-5DB47435D0C6} = {827E0CD3-B72D-47B6-A68D-7590B98EB39B}
		{2A60F35A-E958-4244-A8E4-FB759C7CC445} = {0AB3BF05-4346-4AA6-1389-037BE0695223}
		{428825D0-6ABB-4A71-A31E-540B3B64226E} = {827E0CD3-B72D-47B6-A68D-7590B98EB39B}
		{2C3352B4-65D8-4B33-A18C-A8CB88D4AE8E} = {827E0CD3-B72D-47B6-A68D-7590B98EB39B}
	EndGlobalSection
EndGlobal
